
Microsoft Visual Studio Solution File, Format Version 12.00
# Visual Studio Version 17
VisualStudioVersion = 17.8.34511.84
MinimumVisualStudioVersion = 10.0.40219.1
Project("{9A19103F-16F7-4668-BE54-9A1E7A4F7556}") = "TransactionSqlTest", "TransationSqlTest\TransactionSqlTest.csproj", "{63E96114-BB29-4DB7-B93B-9BDF239D4533}"
EndProject
Project("{FAE04EC0-301F-11D3-BF4B-00C04F79EFBC}") = "TransactionSqlTest.Tests", "TransactionSqlTest.Tests\TransactionSqlTest.Tests.csproj", "{E70651B9-DFC1-4A5D-8589-CDEED5EE5D90}"
EndProject
Global
	GlobalSection(SolutionConfigurationPlatforms) = preSolution
		Debug|Any CPU = Debug|Any CPU
		Release|Any CPU = Release|Any CPU
	EndGlobalSection
	GlobalSection(ProjectConfigurationPlatforms) = postSolution
		{63E96114-BB29-4DB7-B93B-9BDF239D4533}.Debug|Any CPU.ActiveCfg = Debug|Any CPU
		{63E96114-BB29-4DB7-B93B-9BDF239D4533}.Debug|Any CPU.Build.0 = Debug|Any CPU
		{63E96114-BB29-4DB7-B93B-9BDF239D4533}.Release|Any CPU.ActiveCfg = Release|Any CPU
		{63E96114-BB29-4DB7-B93B-9BDF239D4533}.Release|Any CPU.Build.0 = Release|Any CPU
		{E70651B9-DFC1-4A5D-8589-CDEED5EE5D90}.Debug|Any CPU.ActiveCfg = Debug|Any CPU
		{E70651B9-DFC1-4A5D-8589-CDEED5EE5D90}.Debug|Any CPU.Build.0 = Debug|Any CPU
		{E70651B9-DFC1-4A5D-8589-CDEED5EE5D90}.Release|Any CPU.ActiveCfg = Release|Any CPU
		{E70651B9-DFC1-4A5D-8589-CDEED5EE5D90}.Release|Any CPU.Build.0 = Release|Any CPU
	EndGlobalSection
	GlobalSection(SolutionProperties) = preSolution
		HideSolutionNode = FALSE
	EndGlobalSection
	GlobalSection(ExtensibilityGlobals) = postSolution
		SolutionGuid = {BB46FDF5-7E52-46FE-BA94-92E8176A6D78}
	EndGlobalSection
EndGlobal
